// !$*UTF8*$!
{
	archiveVersion = 1;
	classes = {
	};
	objectVersion = 48;
	objects = {

/* Begin PBXBuildFile section */
		A43EDC4920BE788800AE40E4 /* AppDelegate.m in Sources */ = {isa = PBXBuildFile; fileRef = A43EDC4820BE788800AE40E4 /* AppDelegate.m */; };
		A43EDC4C20BE788800AE40E4 /* ViewController.m in Sources */ = {isa = PBXBuildFile; fileRef = A43EDC4B20BE788800AE40E4 /* ViewController.m */; };
		A43EDC4E20BE788800AE40E4 /* Assets.xcassets in Resources */ = {isa = PBXBuildFile; fileRef = A43EDC4D20BE788800AE40E4 /* Assets.xcassets */; };
		A43EDC5420BE788800AE40E4 /* main.m in Sources */ = {isa = PBXBuildFile; fileRef = A43EDC5320BE788800AE40E4 /* main.m */; };
		A43EDC5F20BE788800AE40E4 /* IBLLogerTests.m in Sources */ = {isa = PBXBuildFile; fileRef = A43EDC5E20BE788800AE40E4 /* IBLLogerTests.m */; };
		A43EDC6A20BE788800AE40E4 /* IBLLogerUITests.m in Sources */ = {isa = PBXBuildFile; fileRef = A43EDC6920BE788800AE40E4 /* IBLLogerUITests.m */; };
		A43EDC8520BE83EE00AE40E4 /* IOSCrashLogModule.m in Sources */ = {isa = PBXBuildFile; fileRef = A43EDC8420BE83EE00AE40E4 /* IOSCrashLogModule.m */; };
		A43EDC8820BE83FD00AE40E4 /* TXTLogModule.m in Sources */ = {isa = PBXBuildFile; fileRef = A43EDC8720BE83FD00AE40E4 /* TXTLogModule.m */; };
		A43EDC8F20BEA5E200AE40E4 /* ModuleButtonItem.m in Sources */ = {isa = PBXBuildFile; fileRef = A43EDC8E20BEA5E200AE40E4 /* ModuleButtonItem.m */; };
		A43EDC9520BEAF9E00AE40E4 /* IBLWindow.m in Sources */ = {isa = PBXBuildFile; fileRef = A43EDC9420BEAF9E00AE40E4 /* IBLWindow.m */; };
		A43EDC9C20BEB75A00AE40E4 /* Main.storyboard in Resources */ = {isa = PBXBuildFile; fileRef = A43EDC9A20BEB75A00AE40E4 /* Main.storyboard */; };
		A47882F62105CFE600D339EE /* TXTMouduleButtonIcon.m in Sources */ = {isa = PBXBuildFile; fileRef = A47882F52105CFE600D339EE /* TXTMouduleButtonIcon.m */; };
		A47883082105DC4800D339EE /* TXTLogModuleController.m in Sources */ = {isa = PBXBuildFile; fileRef = A47883072105DC4800D339EE /* TXTLogModuleController.m */; };
		A47883122105E07300D339EE /* IBLLogModule.m in Sources */ = {isa = PBXBuildFile; fileRef = A478830B2105E07300D339EE /* IBLLogModule.m */; };
		A47883132105E07300D339EE /* IBLModuleCenter.m in Sources */ = {isa = PBXBuildFile; fileRef = A478830D2105E07300D339EE /* IBLModuleCenter.m */; };
		A47883142105E07300D339EE /* IBLMoudleIcon.m in Sources */ = {isa = PBXBuildFile; fileRef = A478830F2105E07300D339EE /* IBLMoudleIcon.m */; };
		A47883152105E07300D339EE /* ModuleMainController.m in Sources */ = {isa = PBXBuildFile; fileRef = A47883112105E07300D339EE /* ModuleMainController.m */; };
		A47883192105E09B00D339EE /* IBLFile.m in Sources */ = {isa = PBXBuildFile; fileRef = A47883182105E09B00D339EE /* IBLFile.m */; };
		A478831C2105E20500D339EE /* TXTLogFile.m in Sources */ = {isa = PBXBuildFile; fileRef = A478831B2105E20500D339EE /* TXTLogFile.m */; };
		A478831F2105E44400D339EE /* TXTFileControl.m in Sources */ = {isa = PBXBuildFile; fileRef = A478831E2105E44400D339EE /* TXTFileControl.m */; };
		A47883222105E45500D339EE /* TXTDealerControl.m in Sources */ = {isa = PBXBuildFile; fileRef = A47883212105E45500D339EE /* TXTDealerControl.m */; };
/* End PBXBuildFile section */

/* Begin PBXContainerItemProxy section */
		A43EDC5B20BE788800AE40E4 /* PBXContainerItemProxy */ = {
			isa = PBXContainerItemProxy;
			containerPortal = A43EDC3C20BE788800AE40E4 /* Project object */;
			proxyType = 1;
			remoteGlobalIDString = A43EDC4320BE788800AE40E4;
			remoteInfo = IBLLoger;
		};
		A43EDC6620BE788800AE40E4 /* PBXContainerItemProxy */ = {
			isa = PBXContainerItemProxy;
			containerPortal = A43EDC3C20BE788800AE40E4 /* Project object */;
			proxyType = 1;
			remoteGlobalIDString = A43EDC4320BE788800AE40E4;
			remoteInfo = IBLLoger;
		};
/* End PBXContainerItemProxy section */

/* Begin PBXFileReference section */
		A43EDC4420BE788800AE40E4 /* IBLLoger.app */ = {isa = PBXFileReference; explicitFileType = wrapper.application; includeInIndex = 0; path = IBLLoger.app; sourceTree = BUILT_PRODUCTS_DIR; };
		A43EDC4720BE788800AE40E4 /* AppDelegate.h */ = {isa = PBXFileReference; lastKnownFileType = sourcecode.c.h; path = AppDelegate.h; sourceTree = "<group>"; };
		A43EDC4820BE788800AE40E4 /* AppDelegate.m */ = {isa = PBXFileReference; lastKnownFileType = sourcecode.c.objc; path = AppDelegate.m; sourceTree = "<group>"; };
		A43EDC4A20BE788800AE40E4 /* ViewController.h */ = {isa = PBXFileReference; lastKnownFileType = sourcecode.c.h; path = ViewController.h; sourceTree = "<group>"; };
		A43EDC4B20BE788800AE40E4 /* ViewController.m */ = {isa = PBXFileReference; lastKnownFileType = sourcecode.c.objc; path = ViewController.m; sourceTree = "<group>"; };
		A43EDC4D20BE788800AE40E4 /* Assets.xcassets */ = {isa = PBXFileReference; lastKnownFileType = folder.assetcatalog; path = Assets.xcassets; sourceTree = "<group>"; };
		A43EDC5220BE788800AE40E4 /* Info.plist */ = {isa = PBXFileReference; lastKnownFileType = text.plist.xml; path = Info.plist; sourceTree = "<group>"; };
		A43EDC5320BE788800AE40E4 /* main.m */ = {isa = PBXFileReference; lastKnownFileType = sourcecode.c.objc; path = main.m; sourceTree = "<group>"; };
		A43EDC5520BE788800AE40E4 /* IBLLoger.entitlements */ = {isa = PBXFileReference; lastKnownFileType = text.plist.entitlements; path = IBLLoger.entitlements; sourceTree = "<group>"; };
		A43EDC5A20BE788800AE40E4 /* IBLLogerTests.xctest */ = {isa = PBXFileReference; explicitFileType = wrapper.cfbundle; includeInIndex = 0; path = IBLLogerTests.xctest; sourceTree = BUILT_PRODUCTS_DIR; };
		A43EDC5E20BE788800AE40E4 /* IBLLogerTests.m */ = {isa = PBXFileReference; lastKnownFileType = sourcecode.c.objc; path = IBLLogerTests.m; sourceTree = "<group>"; };
		A43EDC6020BE788800AE40E4 /* Info.plist */ = {isa = PBXFileReference; lastKnownFileType = text.plist.xml; path = Info.plist; sourceTree = "<group>"; };
		A43EDC6520BE788800AE40E4 /* IBLLogerUITests.xctest */ = {isa = PBXFileReference; explicitFileType = wrapper.cfbundle; includeInIndex = 0; path = IBLLogerUITests.xctest; sourceTree = BUILT_PRODUCTS_DIR; };
		A43EDC6920BE788800AE40E4 /* IBLLogerUITests.m */ = {isa = PBXFileReference; lastKnownFileType = sourcecode.c.objc; path = IBLLogerUITests.m; sourceTree = "<group>"; };
		A43EDC6B20BE788800AE40E4 /* Info.plist */ = {isa = PBXFileReference; lastKnownFileType = text.plist.xml; path = Info.plist; sourceTree = "<group>"; };
		A43EDC8320BE83EE00AE40E4 /* IOSCrashLogModule.h */ = {isa = PBXFileReference; lastKnownFileType = sourcecode.c.h; path = IOSCrashLogModule.h; sourceTree = "<group>"; };
		A43EDC8420BE83EE00AE40E4 /* IOSCrashLogModule.m */ = {isa = PBXFileReference; lastKnownFileType = sourcecode.c.objc; path = IOSCrashLogModule.m; sourceTree = "<group>"; };
		A43EDC8620BE83FD00AE40E4 /* TXTLogModule.h */ = {isa = PBXFileReference; lastKnownFileType = sourcecode.c.h; path = TXTLogModule.h; sourceTree = "<group>"; };
		A43EDC8720BE83FD00AE40E4 /* TXTLogModule.m */ = {isa = PBXFileReference; lastKnownFileType = sourcecode.c.objc; path = TXTLogModule.m; sourceTree = "<group>"; };
		A43EDC8D20BEA5E200AE40E4 /* ModuleButtonItem.h */ = {isa = PBXFileReference; lastKnownFileType = sourcecode.c.h; path = ModuleButtonItem.h; sourceTree = "<group>"; };
		A43EDC8E20BEA5E200AE40E4 /* ModuleButtonItem.m */ = {isa = PBXFileReference; lastKnownFileType = sourcecode.c.objc; path = ModuleButtonItem.m; sourceTree = "<group>"; };
		A43EDC9320BEAF9E00AE40E4 /* IBLWindow.h */ = {isa = PBXFileReference; lastKnownFileType = sourcecode.c.h; path = IBLWindow.h; sourceTree = "<group>"; };
		A43EDC9420BEAF9E00AE40E4 /* IBLWindow.m */ = {isa = PBXFileReference; lastKnownFileType = sourcecode.c.objc; path = IBLWindow.m; sourceTree = "<group>"; };
		A43EDC9B20BEB75A00AE40E4 /* Base */ = {isa = PBXFileReference; lastKnownFileType = file.storyboard; name = Base; path = Main.storyboard; sourceTree = "<group>"; };
		A47882F42105CFE600D339EE /* TXTMouduleButtonIcon.h */ = {isa = PBXFileReference; lastKnownFileType = sourcecode.c.h; path = TXTMouduleButtonIcon.h; sourceTree = "<group>"; };
		A47882F52105CFE600D339EE /* TXTMouduleButtonIcon.m */ = {isa = PBXFileReference; lastKnownFileType = sourcecode.c.objc; path = TXTMouduleButtonIcon.m; sourceTree = "<group>"; };
		A47883062105DC4800D339EE /* TXTLogModuleController.h */ = {isa = PBXFileReference; lastKnownFileType = sourcecode.c.h; path = TXTLogModuleController.h; sourceTree = "<group>"; };
		A47883072105DC4800D339EE /* TXTLogModuleController.m */ = {isa = PBXFileReference; lastKnownFileType = sourcecode.c.objc; path = TXTLogModuleController.m; sourceTree = "<group>"; };
		A478830A2105E07300D339EE /* IBLLogModule.h */ = {isa = PBXFileReference; fileEncoding = 4; lastKnownFileType = sourcecode.c.h; path = IBLLogModule.h; sourceTree = "<group>"; };
		A478830B2105E07300D339EE /* IBLLogModule.m */ = {isa = PBXFileReference; fileEncoding = 4; lastKnownFileType = sourcecode.c.objc; path = IBLLogModule.m; sourceTree = "<group>"; };
		A478830C2105E07300D339EE /* IBLModuleCenter.h */ = {isa = PBXFileReference; fileEncoding = 4; lastKnownFileType = sourcecode.c.h; path = IBLModuleCenter.h; sourceTree = "<group>"; };
		A478830D2105E07300D339EE /* IBLModuleCenter.m */ = {isa = PBXFileReference; fileEncoding = 4; lastKnownFileType = sourcecode.c.objc; path = IBLModuleCenter.m; sourceTree = "<group>"; };
		A478830E2105E07300D339EE /* IBLMoudleIcon.h */ = {isa = PBXFileReference; fileEncoding = 4; lastKnownFileType = sourcecode.c.h; path = IBLMoudleIcon.h; sourceTree = "<group>"; };
		A478830F2105E07300D339EE /* IBLMoudleIcon.m */ = {isa = PBXFileReference; fileEncoding = 4; lastKnownFileType = sourcecode.c.objc; path = IBLMoudleIcon.m; sourceTree = "<group>"; };
		A47883102105E07300D339EE /* ModuleMainController.h */ = {isa = PBXFileReference; fileEncoding = 4; lastKnownFileType = sourcecode.c.h; path = ModuleMainController.h; sourceTree = "<group>"; };
		A47883112105E07300D339EE /* ModuleMainController.m */ = {isa = PBXFileReference; fileEncoding = 4; lastKnownFileType = sourcecode.c.objc; path = ModuleMainController.m; sourceTree = "<group>"; };
		A47883172105E09B00D339EE /* IBLFile.h */ = {isa = PBXFileReference; lastKnownFileType = sourcecode.c.h; path = IBLFile.h; sourceTree = "<group>"; };
		A47883182105E09B00D339EE /* IBLFile.m */ = {isa = PBXFileReference; lastKnownFileType = sourcecode.c.objc; path = IBLFile.m; sourceTree = "<group>"; };
		A478831A2105E20500D339EE /* TXTLogFile.h */ = {isa = PBXFileReference; lastKnownFileType = sourcecode.c.h; path = TXTLogFile.h; sourceTree = "<group>"; };
		A478831B2105E20500D339EE /* TXTLogFile.m */ = {isa = PBXFileReference; lastKnownFileType = sourcecode.c.objc; path = TXTLogFile.m; sourceTree = "<group>"; };
		A478831D2105E44400D339EE /* TXTFileControl.h */ = {isa = PBXFileReference; lastKnownFileType = sourcecode.c.h; path = TXTFileControl.h; sourceTree = "<group>"; };
		A478831E2105E44400D339EE /* TXTFileControl.m */ = {isa = PBXFileReference; lastKnownFileType = sourcecode.c.objc; path = TXTFileControl.m; sourceTree = "<group>"; };
		A47883202105E45500D339EE /* TXTDealerControl.h */ = {isa = PBXFileReference; lastKnownFileType = sourcecode.c.h; path = TXTDealerControl.h; sourceTree = "<group>"; };
		A47883212105E45500D339EE /* TXTDealerControl.m */ = {isa = PBXFileReference; lastKnownFileType = sourcecode.c.objc; path = TXTDealerControl.m; sourceTree = "<group>"; };
/* End PBXFileReference section */

/* Begin PBXFrameworksBuildPhase section */
		A43EDC4120BE788800AE40E4 /* Frameworks */ = {
			isa = PBXFrameworksBuildPhase;
			buildActionMask = 2147483647;
			files = (
			);
			runOnlyForDeploymentPostprocessing = 0;
		};
		A43EDC5720BE788800AE40E4 /* Frameworks */ = {
			isa = PBXFrameworksBuildPhase;
			buildActionMask = 2147483647;
			files = (
			);
			runOnlyForDeploymentPostprocessing = 0;
		};
		A43EDC6220BE788800AE40E4 /* Frameworks */ = {
			isa = PBXFrameworksBuildPhase;
			buildActionMask = 2147483647;
			files = (
			);
			runOnlyForDeploymentPostprocessing = 0;
		};
/* End PBXFrameworksBuildPhase section */

/* Begin PBXGroup section */
		A43EDC3B20BE788800AE40E4 = {
			isa = PBXGroup;
			children = (
				A43EDC4620BE788800AE40E4 /* IBLLoger */,
				A43EDC5D20BE788800AE40E4 /* IBLLogerTests */,
				A43EDC6820BE788800AE40E4 /* IBLLogerUITests */,
				A43EDC4520BE788800AE40E4 /* Products */,
			);
			sourceTree = "<group>";
		};
		A43EDC4520BE788800AE40E4 /* Products */ = {
			isa = PBXGroup;
			children = (
				A43EDC4420BE788800AE40E4 /* IBLLoger.app */,
				A43EDC5A20BE788800AE40E4 /* IBLLogerTests.xctest */,
				A43EDC6520BE788800AE40E4 /* IBLLogerUITests.xctest */,
			);
			name = Products;
			sourceTree = "<group>";
		};
		A43EDC4620BE788800AE40E4 /* IBLLoger */ = {
			isa = PBXGroup;
			children = (
				A43EDC9920BEB75A00AE40E4 /* Base.lproj */,
				A43EDC4720BE788800AE40E4 /* AppDelegate.h */,
				A43EDC4820BE788800AE40E4 /* AppDelegate.m */,
				A43EDC4A20BE788800AE40E4 /* ViewController.h */,
				A43EDC4B20BE788800AE40E4 /* ViewController.m */,
				A43EDC8D20BEA5E200AE40E4 /* ModuleButtonItem.h */,
				A43EDC8E20BEA5E200AE40E4 /* ModuleButtonItem.m */,
				A43EDC9320BEAF9E00AE40E4 /* IBLWindow.h */,
				A43EDC9420BEAF9E00AE40E4 /* IBLWindow.m */,
				A43EDC7720BE79C300AE40E4 /* modules */,
				A43EDC4D20BE788800AE40E4 /* Assets.xcassets */,
				A43EDC5220BE788800AE40E4 /* Info.plist */,
				A43EDC5320BE788800AE40E4 /* main.m */,
				A43EDC5520BE788800AE40E4 /* IBLLoger.entitlements */,
			);
			path = IBLLoger;
			sourceTree = "<group>";
		};
		A43EDC5D20BE788800AE40E4 /* IBLLogerTests */ = {
			isa = PBXGroup;
			children = (
				A43EDC5E20BE788800AE40E4 /* IBLLogerTests.m */,
				A43EDC6020BE788800AE40E4 /* Info.plist */,
			);
			path = IBLLogerTests;
			sourceTree = "<group>";
		};
		A43EDC6820BE788800AE40E4 /* IBLLogerUITests */ = {
			isa = PBXGroup;
			children = (
				A43EDC6920BE788800AE40E4 /* IBLLogerUITests.m */,
				A43EDC6B20BE788800AE40E4 /* Info.plist */,
			);
			path = IBLLogerUITests;
			sourceTree = "<group>";
		};
		A43EDC7720BE79C300AE40E4 /* modules */ = {
			isa = PBXGroup;
			children = (
				A47883092105E07300D339EE /* common */,
				A43EDC8220BE83D700AE40E4 /* iOSCrashLog */,
				A43EDC8120BE83D700AE40E4 /* txtLog */,
			);
			path = modules;
			sourceTree = "<group>";
		};
		A43EDC8120BE83D700AE40E4 /* txtLog */ = {
			isa = PBXGroup;
			children = (
				A43EDC8620BE83FD00AE40E4 /* TXTLogModule.h */,
				A43EDC8720BE83FD00AE40E4 /* TXTLogModule.m */,
				A47883062105DC4800D339EE /* TXTLogModuleController.h */,
				A47883072105DC4800D339EE /* TXTLogModuleController.m */,
				A478831D2105E44400D339EE /* TXTFileControl.h */,
				A478831E2105E44400D339EE /* TXTFileControl.m */,
				A47883202105E45500D339EE /* TXTDealerControl.h */,
				A47883212105E45500D339EE /* TXTDealerControl.m */,
				A47882F42105CFE600D339EE /* TXTMouduleButtonIcon.h */,
				A47882F52105CFE600D339EE /* TXTMouduleButtonIcon.m */,
				A478831A2105E20500D339EE /* TXTLogFile.h */,
				A478831B2105E20500D339EE /* TXTLogFile.m */,
			);
			path = txtLog;
			sourceTree = "<group>";
		};
		A43EDC8220BE83D700AE40E4 /* iOSCrashLog */ = {
			isa = PBXGroup;
			children = (
				A43EDC8320BE83EE00AE40E4 /* IOSCrashLogModule.h */,
				A43EDC8420BE83EE00AE40E4 /* IOSCrashLogModule.m */,
			);
			path = iOSCrashLog;
			sourceTree = "<group>";
		};
		A43EDC9920BEB75A00AE40E4 /* Base.lproj */ = {
			isa = PBXGroup;
			children = (
				A43EDC9A20BEB75A00AE40E4 /* Main.storyboard */,
			);
			path = Base.lproj;
			sourceTree = "<group>";
		};
		A47883092105E07300D339EE /* common */ = {
			isa = PBXGroup;
			children = (
				A47883162105E08F00D339EE /* file */,
				A478830A2105E07300D339EE /* IBLLogModule.h */,
				A478830B2105E07300D339EE /* IBLLogModule.m */,
				A478830C2105E07300D339EE /* IBLModuleCenter.h */,
				A478830D2105E07300D339EE /* IBLModuleCenter.m */,
				A478830E2105E07300D339EE /* IBLMoudleIcon.h */,
				A478830F2105E07300D339EE /* IBLMoudleIcon.m */,
				A47883102105E07300D339EE /* ModuleMainController.h */,
				A47883112105E07300D339EE /* ModuleMainController.m */,
			);
			path = common;
			sourceTree = "<group>";
		};
		A47883162105E08F00D339EE /* file */ = {
			isa = PBXGroup;
			children = (
				A47883172105E09B00D339EE /* IBLFile.h */,
				A47883182105E09B00D339EE /* IBLFile.m */,
			);
			path = file;
			sourceTree = "<group>";
		};
/* End PBXGroup section */

/* Begin PBXNativeTarget section */
		A43EDC4320BE788800AE40E4 /* IBLLoger */ = {
			isa = PBXNativeTarget;
			buildConfigurationList = A43EDC6E20BE788800AE40E4 /* Build configuration list for PBXNativeTarget "IBLLoger" */;
			buildPhases = (
				A43EDC4020BE788800AE40E4 /* Sources */,
				A43EDC4120BE788800AE40E4 /* Frameworks */,
				A43EDC4220BE788800AE40E4 /* Resources */,
			);
			buildRules = (
			);
			dependencies = (
			);
			name = IBLLoger;
			productName = IBLLoger;
			productReference = A43EDC4420BE788800AE40E4 /* IBLLoger.app */;
			productType = "com.apple.product-type.application";
		};
		A43EDC5920BE788800AE40E4 /* IBLLogerTests */ = {
			isa = PBXNativeTarget;
			buildConfigurationList = A43EDC7120BE788800AE40E4 /* Build configuration list for PBXNativeTarget "IBLLogerTests" */;
			buildPhases = (
				A43EDC5620BE788800AE40E4 /* Sources */,
				A43EDC5720BE788800AE40E4 /* Frameworks */,
				A43EDC5820BE788800AE40E4 /* Resources */,
			);
			buildRules = (
			);
			dependencies = (
				A43EDC5C20BE788800AE40E4 /* PBXTargetDependency */,
			);
			name = IBLLogerTests;
			productName = IBLLogerTests;
			productReference = A43EDC5A20BE788800AE40E4 /* IBLLogerTests.xctest */;
			productType = "com.apple.product-type.bundle.unit-test";
		};
		A43EDC6420BE788800AE40E4 /* IBLLogerUITests */ = {
			isa = PBXNativeTarget;
			buildConfigurationList = A43EDC7420BE788800AE40E4 /* Build configuration list for PBXNativeTarget "IBLLogerUITests" */;
			buildPhases = (
				A43EDC6120BE788800AE40E4 /* Sources */,
				A43EDC6220BE788800AE40E4 /* Frameworks */,
				A43EDC6320BE788800AE40E4 /* Resources */,
			);
			buildRules = (
			);
			dependencies = (
				A43EDC6720BE788800AE40E4 /* PBXTargetDependency */,
			);
			name = IBLLogerUITests;
			productName = IBLLogerUITests;
			productReference = A43EDC6520BE788800AE40E4 /* IBLLogerUITests.xctest */;
			productType = "com.apple.product-type.bundle.ui-testing";
		};
/* End PBXNativeTarget section */

/* Begin PBXProject section */
		A43EDC3C20BE788800AE40E4 /* Project object */ = {
			isa = PBXProject;
			attributes = {
				LastUpgradeCheck = 0920;
				ORGANIZATIONNAME = ibellar;
				TargetAttributes = {
					A43EDC4320BE788800AE40E4 = {
						CreatedOnToolsVersion = 9.2;
						ProvisioningStyle = Automatic;
					};
					A43EDC5920BE788800AE40E4 = {
						CreatedOnToolsVersion = 9.2;
						ProvisioningStyle = Automatic;
						TestTargetID = A43EDC4320BE788800AE40E4;
					};
					A43EDC6420BE788800AE40E4 = {
						CreatedOnToolsVersion = 9.2;
						ProvisioningStyle = Automatic;
						TestTargetID = A43EDC4320BE788800AE40E4;
					};
				};
			};
			buildConfigurationList = A43EDC3F20BE788800AE40E4 /* Build configuration list for PBXProject "IBLLoger" */;
			compatibilityVersion = "Xcode 8.0";
			developmentRegion = en;
			hasScannedForEncodings = 0;
			knownRegions = (
				en,
				Base,
			);
			mainGroup = A43EDC3B20BE788800AE40E4;
			productRefGroup = A43EDC4520BE788800AE40E4 /* Products */;
			projectDirPath = "";
			projectRoot = "";
			targets = (
				A43EDC4320BE788800AE40E4 /* IBLLoger */,
				A43EDC5920BE788800AE40E4 /* IBLLogerTests */,
				A43EDC6420BE788800AE40E4 /* IBLLogerUITests */,
			);
		};
/* End PBXProject section */

/* Begin PBXResourcesBuildPhase section */
		A43EDC4220BE788800AE40E4 /* Resources */ = {
			isa = PBXResourcesBuildPhase;
			buildActionMask = 2147483647;
			files = (
				A43EDC4E20BE788800AE40E4 /* Assets.xcassets in Resources */,
				A43EDC9C20BEB75A00AE40E4 /* Main.storyboard in Resources */,
			);
			runOnlyForDeploymentPostprocessing = 0;
		};
		A43EDC5820BE788800AE40E4 /* Resources */ = {
			isa = PBXResourcesBuildPhase;
			buildActionMask = 2147483647;
			files = (
			);
			runOnlyForDeploymentPostprocessing = 0;
		};
		A43EDC6320BE788800AE40E4 /* Resources */ = {
			isa = PBXResourcesBuildPhase;
			buildActionMask = 2147483647;
			files = (
			);
			runOnlyForDeploymentPostprocessing = 0;
		};
/* End PBXResourcesBuildPhase section */

/* Begin PBXSourcesBuildPhase section */
		A43EDC4020BE788800AE40E4 /* Sources */ = {
			isa = PBXSourcesBuildPhase;
			buildActionMask = 2147483647;
			files = (
				A47883142105E07300D339EE /* IBLMoudleIcon.m in Sources */,
				A43EDC8820BE83FD00AE40E4 /* TXTLogModule.m in Sources */,
				A43EDC8F20BEA5E200AE40E4 /* ModuleButtonItem.m in Sources */,
				A43EDC9520BEAF9E00AE40E4 /* IBLWindow.m in Sources */,
				A47883122105E07300D339EE /* IBLLogModule.m in Sources */,
				A47883082105DC4800D339EE /* TXTLogModuleController.m in Sources */,
				A43EDC4C20BE788800AE40E4 /* ViewController.m in Sources */,
				A43EDC5420BE788800AE40E4 /* main.m in Sources */,
				A47883152105E07300D339EE /* ModuleMainController.m in Sources */,
				A47883192105E09B00D339EE /* IBLFile.m in Sources */,
				A47883132105E07300D339EE /* IBLModuleCenter.m in Sources */,
				A47883222105E45500D339EE /* TXTDealerControl.m in Sources */,
				A43EDC8520BE83EE00AE40E4 /* IOSCrashLogModule.m in Sources */,
				A478831F2105E44400D339EE /* TXTFileControl.m in Sources */,
				A47882F62105CFE600D339EE /* TXTMouduleButtonIcon.m in Sources */,
				A478831C2105E20500D339EE /* TXTLogFile.m in Sources */,
				A43EDC4920BE788800AE40E4 /* AppDelegate.m in Sources */,
			);
			runOnlyForDeploymentPostprocessing = 0;
		};
		A43EDC5620BE788800AE40E4 /* Sources */ = {
			isa = PBXSourcesBuildPhase;
			buildActionMask = 2147483647;
			files = (
				A43EDC5F20BE788800AE40E4 /* IBLLogerTests.m in Sources */,
			);
			runOnlyForDeploymentPostprocessing = 0;
		};
		A43EDC6120BE788800AE40E4 /* Sources */ = {
			isa = PBXSourcesBuildPhase;
			buildActionMask = 2147483647;
			files = (
				A43EDC6A20BE788800AE40E4 /* IBLLogerUITests.m in Sources */,
			);
			runOnlyForDeploymentPostprocessing = 0;
		};
/* End PBXSourcesBuildPhase section */

/* Begin PBXTargetDependency section */
		A43EDC5C20BE788800AE40E4 /* PBXTargetDependency */ = {
			isa = PBXTargetDependency;
			target = A43EDC4320BE788800AE40E4 /* IBLLoger */;
			targetProxy = A43EDC5B20BE788800AE40E4 /* PBXContainerItemProxy */;
		};
		A43EDC6720BE788800AE40E4 /* PBXTargetDependency */ = {
			isa = PBXTargetDependency;
			target = A43EDC4320BE788800AE40E4 /* IBLLoger */;
			targetProxy = A43EDC6620BE788800AE40E4 /* PBXContainerItemProxy */;
		};
/* End PBXTargetDependency section */

/* Begin PBXVariantGroup section */
		A43EDC9A20BEB75A00AE40E4 /* Main.storyboard */ = {
			isa = PBXVariantGroup;
			children = (
				A43EDC9B20BEB75A00AE40E4 /* Base */,
			);
			name = Main.storyboard;
			sourceTree = "<group>";
		};
/* End PBXVariantGroup section */

/* Begin XCBuildConfiguration section */
		A43EDC6C20BE788800AE40E4 /* Debug */ = {
			isa = XCBuildConfiguration;
			buildSettings = {
				ALWAYS_SEARCH_USER_PATHS = NO;
				CLANG_ANALYZER_NONNULL = YES;
				CLANG_ANALYZER_NUMBER_OBJECT_CONVERSION = YES_AGGRESSIVE;
				CLANG_CXX_LANGUAGE_STANDARD = "gnu++14";
				CLANG_CXX_LIBRARY = "libc++";
				CLANG_ENABLE_MODULES = YES;
				CLANG_ENABLE_OBJC_ARC = YES;
				CLANG_WARN_BLOCK_CAPTURE_AUTORELEASING = YES;
				CLANG_WARN_BOOL_CONVERSION = YES;
				CLANG_WARN_COMMA = YES;
				CLANG_WARN_CONSTANT_CONVERSION = YES;
				CLANG_WARN_DIRECT_OBJC_ISA_USAGE = YES_ERROR;
				CLANG_WARN_DOCUMENTATION_COMMENTS = YES;
				CLANG_WARN_EMPTY_BODY = YES;
				CLANG_WARN_ENUM_CONVERSION = YES;
				CLANG_WARN_INFINITE_RECURSION = YES;
				CLANG_WARN_INT_CONVERSION = YES;
				CLANG_WARN_NON_LITERAL_NULL_CONVERSION = YES;
				CLANG_WARN_OBJC_LITERAL_CONVERSION = YES;
				CLANG_WARN_OBJC_ROOT_CLASS = YES_ERROR;
				CLANG_WARN_RANGE_LOOP_ANALYSIS = YES;
				CLANG_WARN_STRICT_PROTOTYPES = YES;
				CLANG_WARN_SUSPICIOUS_MOVE = YES;
				CLANG_WARN_UNGUARDED_AVAILABILITY = YES_AGGRESSIVE;
				CLANG_WARN_UNREACHABLE_CODE = YES;
				CLANG_WARN__DUPLICATE_METHOD_MATCH = YES;
				CODE_SIGN_IDENTITY = "Mac Developer";
				COPY_PHASE_STRIP = NO;
				DEBUG_INFORMATION_FORMAT = dwarf;
				ENABLE_STRICT_OBJC_MSGSEND = YES;
				ENABLE_TESTABILITY = YES;
				GCC_C_LANGUAGE_STANDARD = gnu11;
				GCC_DYNAMIC_NO_PIC = NO;
				GCC_NO_COMMON_BLOCKS = YES;
				GCC_OPTIMIZATION_LEVEL = 0;
				GCC_PREPROCESSOR_DEFINITIONS = (
					"DEBUG=1",
					"$(inherited)",
				);
				GCC_WARN_64_TO_32_BIT_CONVERSION = YES;
				GCC_WARN_ABOUT_RETURN_TYPE = YES_ERROR;
				GCC_WARN_UNDECLARED_SELECTOR = YES;
				GCC_WARN_UNINITIALIZED_AUTOS = YES_AGGRESSIVE;
				GCC_WARN_UNUSED_FUNCTION = YES;
				GCC_WARN_UNUSED_VARIABLE = YES;
				MACOSX_DEPLOYMENT_TARGET = 10.12;
				MTL_ENABLE_DEBUG_INFO = YES;
				ONLY_ACTIVE_ARCH = YES;
				SDKROOT = macosx;
			};
			name = Debug;
		};
		A43EDC6D20BE788800AE40E4 /* Release */ = {
			isa = XCBuildConfiguration;
			buildSettings = {
				ALWAYS_SEARCH_USER_PATHS = NO;
				CLANG_ANALYZER_NONNULL = YES;
				CLANG_ANALYZER_NUMBER_OBJECT_CONVERSION = YES_AGGRESSIVE;
				CLANG_CXX_LANGUAGE_STANDARD = "gnu++14";
				CLANG_CXX_LIBRARY = "libc++";
				CLANG_ENABLE_MODULES = YES;
				CLANG_ENABLE_OBJC_ARC = YES;
				CLANG_WARN_BLOCK_CAPTURE_AUTORELEASING = YES;
				CLANG_WARN_BOOL_CONVERSION = YES;
				CLANG_WARN_COMMA = YES;
				CLANG_WARN_CONSTANT_CONVERSION = YES;
				CLANG_WARN_DIRECT_OBJC_ISA_USAGE = YES_ERROR;
				CLANG_WARN_DOCUMENTATION_COMMENTS = YES;
				CLANG_WARN_EMPTY_BODY = YES;
				CLANG_WARN_ENUM_CONVERSION = YES;
				CLANG_WARN_INFINITE_RECURSION = YES;
				CLANG_WARN_INT_CONVERSION = YES;
				CLANG_WARN_NON_LITERAL_NULL_CONVERSION = YES;
				CLANG_WARN_OBJC_LITERAL_CONVERSION = YES;
				CLANG_WARN_OBJC_ROOT_CLASS = YES_ERROR;
				CLANG_WARN_RANGE_LOOP_ANALYSIS = YES;
				CLANG_WARN_STRICT_PROTOTYPES = YES;
				CLANG_WARN_SUSPICIOUS_MOVE = YES;
				CLANG_WARN_UNGUARDED_AVAILABILITY = YES_AGGRESSIVE;
				CLANG_WARN_UNREACHABLE_CODE = YES;
				CLANG_WARN__DUPLICATE_METHOD_MATCH = YES;
				CODE_SIGN_IDENTITY = "Mac Developer";
				COPY_PHASE_STRIP = NO;
				DEBUG_INFORMATION_FORMAT = "dwarf-with-dsym";
				ENABLE_NS_ASSERTIONS = NO;
				ENABLE_STRICT_OBJC_MSGSEND = YES;
				GCC_C_LANGUAGE_STANDARD = gnu11;
				GCC_NO_COMMON_BLOCKS = YES;
				GCC_WARN_64_TO_32_BIT_CONVERSION = YES;
				GCC_WARN_ABOUT_RETURN_TYPE = YES_ERROR;
				GCC_WARN_UNDECLARED_SELECTOR = YES;
				GCC_WARN_UNINITIALIZED_AUTOS = YES_AGGRESSIVE;
				GCC_WARN_UNUSED_FUNCTION = YES;
				GCC_WARN_UNUSED_VARIABLE = YES;
				MACOSX_DEPLOYMENT_TARGET = 10.12;
				MTL_ENABLE_DEBUG_INFO = NO;
				SDKROOT = macosx;
			};
			name = Release;
		};
		A43EDC6F20BE788800AE40E4 /* Debug */ = {
			isa = XCBuildConfiguration;
			buildSettings = {
				ASSETCATALOG_COMPILER_APPICON_NAME = AppIcon;
				CODE_SIGN_ENTITLEMENTS = IBLLoger/IBLLoger.entitlements;
				CODE_SIGN_STYLE = Automatic;
				COMBINE_HIDPI_IMAGES = YES;
				DEVELOPMENT_TEAM = MHZFCBBQ75;
				INFOPLIST_FILE = IBLLoger/Info.plist;
				LD_RUNPATH_SEARCH_PATHS = "$(inherited) @executable_path/../Frameworks";
				PRODUCT_BUNDLE_IDENTIFIER = com.ibellar.IBLLoger;
				PRODUCT_NAME = "$(TARGET_NAME)";
			};
			name = Debug;
		};
		A43EDC7020BE788800AE40E4 /* Release */ = {
			isa = XCBuildConfiguration;
			buildSettings = {
				ASSETCATALOG_COMPILER_APPICON_NAME = AppIcon;
				CODE_SIGN_ENTITLEMENTS = IBLLoger/IBLLoger.entitlements;
				CODE_SIGN_STYLE = Automatic;
				COMBINE_HIDPI_IMAGES = YES;
				DEVELOPMENT_TEAM = MHZFCBBQ75;
				INFOPLIST_FILE = IBLLoger/Info.plist;
				LD_RUNPATH_SEARCH_PATHS = "$(inherited) @executable_path/../Frameworks";
				PRODUCT_BUNDLE_IDENTIFIER = com.ibellar.IBLLoger;
				PRODUCT_NAME = "$(TARGET_NAME)";
			};
			name = Release;
		};
		A43EDC7220BE788800AE40E4 /* Debug */ = {
			isa = XCBuildConfiguration;
			buildSettings = {
				BUNDLE_LOADER = "$(TEST_HOST)";
				CODE_SIGN_STYLE = Automatic;
				COMBINE_HIDPI_IMAGES = YES;
				DEVELOPMENT_TEAM = MHZFCBBQ75;
				INFOPLIST_FILE = IBLLogerTests/Info.plist;
				LD_RUNPATH_SEARCH_PATHS = "$(inherited) @executable_path/../Frameworks @loader_path/../Frameworks";
				PRODUCT_BUNDLE_IDENTIFIER = com.ibellar.IBLLogerTests;
				PRODUCT_NAME = "$(TARGET_NAME)";
				TEST_HOST = "$(BUILT_PRODUCTS_DIR)/IBLLoger.app/Contents/MacOS/IBLLoger";
			};
			name = Debug;
		};
		A43EDC7320BE788800AE40E4 /* Release */ = {
			isa = XCBuildConfiguration;
			buildSettings = {
				BUNDLE_LOADER = "$(TEST_HOST)";
				CODE_SIGN_STYLE = Automatic;
				COMBINE_HIDPI_IMAGES = YES;
				DEVELOPMENT_TEAM = MHZFCBBQ75;
				INFOPLIST_FILE = IBLLogerTests/Info.plist;
				LD_RUNPATH_SEARCH_PATHS = "$(inherited) @executable_path/../Frameworks @loader_path/../Frameworks";
				PRODUCT_BUNDLE_IDENTIFIER = com.ibellar.IBLLogerTests;
				PRODUCT_NAME = "$(TARGET_NAME)";
				TEST_HOST = "$(BUILT_PRODUCTS_DIR)/IBLLoger.app/Contents/MacOS/IBLLoger";
			};
			name = Release;
		};
		A43EDC7520BE788800AE40E4 /* Debug */ = {
			isa = XCBuildConfiguration;
			buildSettings = {
				CODE_SIGN_STYLE = Automatic;
				COMBINE_HIDPI_IMAGES = YES;
				DEVELOPMENT_TEAM = MHZFCBBQ75;
				INFOPLIST_FILE = IBLLogerUITests/Info.plist;
				LD_RUNPATH_SEARCH_PATHS = "$(inherited) @executable_path/../Frameworks @loader_path/../Frameworks";
				PRODUCT_BUNDLE_IDENTIFIER = com.ibellar.IBLLogerUITests;
				PRODUCT_NAME = "$(TARGET_NAME)";
				TEST_TARGET_NAME = IBLLoger;
			};
			name = Debug;
		};
		A43EDC7620BE788800AE40E4 /* Release */ = {
			isa = XCBuildConfiguration;
			buildSettings = {
				CODE_SIGN_STYLE = Automatic;
				COMBINE_HIDPI_IMAGES = YES;
				DEVELOPMENT_TEAM = MHZFCBBQ75;
				INFOPLIST_FILE = IBLLogerUITests/Info.plist;
				LD_RUNPATH_SEARCH_PATHS = "$(inherited) @executable_path/../Frameworks @loader_path/../Frameworks";
				PRODUCT_BUNDLE_IDENTIFIER = com.ibellar.IBLLogerUITests;
				PRODUCT_NAME = "$(TARGET_NAME)";
				TEST_TARGET_NAME = IBLLoger;
			};
			name = Release;
		};
/* End XCBuildConfiguration section */

/* Begin XCConfigurationList section */
		A43EDC3F20BE788800AE40E4 /* Build configuration list for PBXProject "IBLLoger" */ = {
			isa = XCConfigurationList;
			buildConfigurations = (
				A43EDC6C20BE788800AE40E4 /* Debug */,
				A43EDC6D20BE788800AE40E4 /* Release */,
			);
			defaultConfigurationIsVisible = 0;
			defaultConfigurationName = Release;
		};
		A43EDC6E20BE788800AE40E4 /* Build configuration list for PBXNativeTarget "IBLLoger" */ = {
			isa = XCConfigurationList;
			buildConfigurations = (
				A43EDC6F20BE788800AE40E4 /* Debug */,
				A43EDC7020BE788800AE40E4 /* Release */,
			);
			defaultConfigurationIsVisible = 0;
			defaultConfigurationName = Release;
		};
		A43EDC7120BE788800AE40E4 /* Build configuration list for PBXNativeTarget "IBLLogerTests" */ = {
			isa = XCConfigurationList;
			buildConfigurations = (
				A43EDC7220BE788800AE40E4 /* Debug */,
				A43EDC7320BE788800AE40E4 /* Release */,
			);
			defaultConfigurationIsVisible = 0;
			defaultConfigurationName = Release;
		};
		A43EDC7420BE788800AE40E4 /* Build configuration list for PBXNativeTarget "IBLLogerUITests" */ = {
			isa = XCConfigurationList;
			buildConfigurations = (
				A43EDC7520BE788800AE40E4 /* Debug */,
				A43EDC7620BE788800AE40E4 /* Release */,
			);
			defaultConfigurationIsVisible = 0;
			defaultConfigurationName = Release;
		};
/* End XCConfigurationList section */
	};
	rootObject = A43EDC3C20BE788800AE40E4 /* Project object */;
}
