// !$*UTF8*$!
{
	archiveVersion = 1;
	classes = {
	};
	objectVersion = 48;
	objects = {

/* Begin PBXBuildFile section */
		024259E08B0A6F3AA5A1B656 /* libPods-IBLLogerTests.a in Frameworks */ = {isa = PBXBuildFile; fileRef = 7E0245C663C3A50A6FD038E8 /* libPods-IBLLogerTests.a */; };
		6CC1D9AB6271DB1BA60B139B /* libPods-IBLLoger.a in Frameworks */ = {isa = PBXBuildFile; fileRef = 9A9A648F726CAF2E7B9BF566 /* libPods-IBLLoger.a */; };
		A43EDC4920BE788800AE40E4 /* AppDelegate.m in Sources */ = {isa = PBXBuildFile; fileRef = A43EDC4820BE788800AE40E4 /* AppDelegate.m */; };
		A43EDC4C20BE788800AE40E4 /* ViewController.m in Sources */ = {isa = PBXBuildFile; fileRef = A43EDC4B20BE788800AE40E4 /* ViewController.m */; };
		A43EDC4E20BE788800AE40E4 /* Assets.xcassets in Resources */ = {isa = PBXBuildFile; fileRef = A43EDC4D20BE788800AE40E4 /* Assets.xcassets */; };
		A43EDC5420BE788800AE40E4 /* main.m in Sources */ = {isa = PBXBuildFile; fileRef = A43EDC5320BE788800AE40E4 /* main.m */; };
		A43EDC5F20BE788800AE40E4 /* IBLLogerTests.m in Sources */ = {isa = PBXBuildFile; fileRef = A43EDC5E20BE788800AE40E4 /* IBLLogerTests.m */; };
		A43EDC6A20BE788800AE40E4 /* IBLLogerUITests.m in Sources */ = {isa = PBXBuildFile; fileRef = A43EDC6920BE788800AE40E4 /* IBLLogerUITests.m */; };
		A43EDC8F20BEA5E200AE40E4 /* ModuleButtonItem.m in Sources */ = {isa = PBXBuildFile; fileRef = A43EDC8E20BEA5E200AE40E4 /* ModuleButtonItem.m */; };
		A43EDC9520BEAF9E00AE40E4 /* IBLWindow.m in Sources */ = {isa = PBXBuildFile; fileRef = A43EDC9420BEAF9E00AE40E4 /* IBLWindow.m */; };
		A43EDC9C20BEB75A00AE40E4 /* Main.storyboard in Resources */ = {isa = PBXBuildFile; fileRef = A43EDC9A20BEB75A00AE40E4 /* Main.storyboard */; };
		F9B332B457834438D7E95C23 /* libPods-IBLLogerUITests.a in Frameworks */ = {isa = PBXBuildFile; fileRef = C24995C3FF55CC1227835B33 /* libPods-IBLLogerUITests.a */; };
/* End PBXBuildFile section */

/* Begin PBXContainerItemProxy section */
		A43EDC5B20BE788800AE40E4 /* PBXContainerItemProxy */ = {
			isa = PBXContainerItemProxy;
			containerPortal = A43EDC3C20BE788800AE40E4 /* Project object */;
			proxyType = 1;
			remoteGlobalIDString = A43EDC4320BE788800AE40E4;
			remoteInfo = IBLLoger;
		};
		A43EDC6620BE788800AE40E4 /* PBXContainerItemProxy */ = {
			isa = PBXContainerItemProxy;
			containerPortal = A43EDC3C20BE788800AE40E4 /* Project object */;
			proxyType = 1;
			remoteGlobalIDString = A43EDC4320BE788800AE40E4;
			remoteInfo = IBLLoger;
		};
/* End PBXContainerItemProxy section */

/* Begin PBXFileReference section */
		1CA21F3ADBED549EC108FD40 /* Pods-IBLLogerTests.release.xcconfig */ = {isa = PBXFileReference; includeInIndex = 1; lastKnownFileType = text.xcconfig; name = "Pods-IBLLogerTests.release.xcconfig"; path = "Pods/Target Support Files/Pods-IBLLogerTests/Pods-IBLLogerTests.release.xcconfig"; sourceTree = "<group>"; };
		3D6012B047BE02FCF0516F20 /* Pods-IBLLoger.release.xcconfig */ = {isa = PBXFileReference; includeInIndex = 1; lastKnownFileType = text.xcconfig; name = "Pods-IBLLoger.release.xcconfig"; path = "Pods/Target Support Files/Pods-IBLLoger/Pods-IBLLoger.release.xcconfig"; sourceTree = "<group>"; };
		76C17703453805398D6716D8 /* Pods-IBLLogerUITests.debug.xcconfig */ = {isa = PBXFileReference; includeInIndex = 1; lastKnownFileType = text.xcconfig; name = "Pods-IBLLogerUITests.debug.xcconfig"; path = "Pods/Target Support Files/Pods-IBLLogerUITests/Pods-IBLLogerUITests.debug.xcconfig"; sourceTree = "<group>"; };
		7CEC8F8ADFD5B16A046BBA0B /* Pods-IBLLogerUITests.release.xcconfig */ = {isa = PBXFileReference; includeInIndex = 1; lastKnownFileType = text.xcconfig; name = "Pods-IBLLogerUITests.release.xcconfig"; path = "Pods/Target Support Files/Pods-IBLLogerUITests/Pods-IBLLogerUITests.release.xcconfig"; sourceTree = "<group>"; };
		7E0245C663C3A50A6FD038E8 /* libPods-IBLLogerTests.a */ = {isa = PBXFileReference; explicitFileType = archive.ar; includeInIndex = 0; path = "libPods-IBLLogerTests.a"; sourceTree = BUILT_PRODUCTS_DIR; };
		9832381226F56335222E3F4D /* Pods-IBLLogerTests.debug.xcconfig */ = {isa = PBXFileReference; includeInIndex = 1; lastKnownFileType = text.xcconfig; name = "Pods-IBLLogerTests.debug.xcconfig"; path = "Pods/Target Support Files/Pods-IBLLogerTests/Pods-IBLLogerTests.debug.xcconfig"; sourceTree = "<group>"; };
		9A9A648F726CAF2E7B9BF566 /* libPods-IBLLoger.a */ = {isa = PBXFileReference; explicitFileType = archive.ar; includeInIndex = 0; path = "libPods-IBLLoger.a"; sourceTree = BUILT_PRODUCTS_DIR; };
		A43EDC4420BE788800AE40E4 /* IBLLoger.app */ = {isa = PBXFileReference; explicitFileType = wrapper.application; includeInIndex = 0; path = IBLLoger.app; sourceTree = BUILT_PRODUCTS_DIR; };
		A43EDC4720BE788800AE40E4 /* AppDelegate.h */ = {isa = PBXFileReference; lastKnownFileType = sourcecode.c.h; path = AppDelegate.h; sourceTree = "<group>"; };
		A43EDC4820BE788800AE40E4 /* AppDelegate.m */ = {isa = PBXFileReference; lastKnownFileType = sourcecode.c.objc; path = AppDelegate.m; sourceTree = "<group>"; };
		A43EDC4A20BE788800AE40E4 /* ViewController.h */ = {isa = PBXFileReference; lastKnownFileType = sourcecode.c.h; path = ViewController.h; sourceTree = "<group>"; };
		A43EDC4B20BE788800AE40E4 /* ViewController.m */ = {isa = PBXFileReference; lastKnownFileType = sourcecode.c.objc; path = ViewController.m; sourceTree = "<group>"; };
		A43EDC4D20BE788800AE40E4 /* Assets.xcassets */ = {isa = PBXFileReference; lastKnownFileType = folder.assetcatalog; path = Assets.xcassets; sourceTree = "<group>"; };
		A43EDC5220BE788800AE40E4 /* Info.plist */ = {isa = PBXFileReference; lastKnownFileType = text.plist.xml; path = Info.plist; sourceTree = "<group>"; };
		A43EDC5320BE788800AE40E4 /* main.m */ = {isa = PBXFileReference; lastKnownFileType = sourcecode.c.objc; path = main.m; sourceTree = "<group>"; };
		A43EDC5520BE788800AE40E4 /* IBLLoger.entitlements */ = {isa = PBXFileReference; lastKnownFileType = text.plist.entitlements; path = IBLLoger.entitlements; sourceTree = "<group>"; };
		A43EDC5A20BE788800AE40E4 /* IBLLogerTests.xctest */ = {isa = PBXFileReference; explicitFileType = wrapper.cfbundle; includeInIndex = 0; path = IBLLogerTests.xctest; sourceTree = BUILT_PRODUCTS_DIR; };
		A43EDC5E20BE788800AE40E4 /* IBLLogerTests.m */ = {isa = PBXFileReference; lastKnownFileType = sourcecode.c.objc; path = IBLLogerTests.m; sourceTree = "<group>"; };
		A43EDC6020BE788800AE40E4 /* Info.plist */ = {isa = PBXFileReference; lastKnownFileType = text.plist.xml; path = Info.plist; sourceTree = "<group>"; };
		A43EDC6520BE788800AE40E4 /* IBLLogerUITests.xctest */ = {isa = PBXFileReference; explicitFileType = wrapper.cfbundle; includeInIndex = 0; path = IBLLogerUITests.xctest; sourceTree = BUILT_PRODUCTS_DIR; };
		A43EDC6920BE788800AE40E4 /* IBLLogerUITests.m */ = {isa = PBXFileReference; lastKnownFileType = sourcecode.c.objc; path = IBLLogerUITests.m; sourceTree = "<group>"; };
		A43EDC6B20BE788800AE40E4 /* Info.plist */ = {isa = PBXFileReference; lastKnownFileType = text.plist.xml; path = Info.plist; sourceTree = "<group>"; };
		A43EDC8D20BEA5E200AE40E4 /* ModuleButtonItem.h */ = {isa = PBXFileReference; lastKnownFileType = sourcecode.c.h; path = ModuleButtonItem.h; sourceTree = "<group>"; };
		A43EDC8E20BEA5E200AE40E4 /* ModuleButtonItem.m */ = {isa = PBXFileReference; lastKnownFileType = sourcecode.c.objc; path = ModuleButtonItem.m; sourceTree = "<group>"; };
		A43EDC9320BEAF9E00AE40E4 /* IBLWindow.h */ = {isa = PBXFileReference; lastKnownFileType = sourcecode.c.h; path = IBLWindow.h; sourceTree = "<group>"; };
		A43EDC9420BEAF9E00AE40E4 /* IBLWindow.m */ = {isa = PBXFileReference; lastKnownFileType = sourcecode.c.objc; path = IBLWindow.m; sourceTree = "<group>"; };
		A43EDC9B20BEB75A00AE40E4 /* Base */ = {isa = PBXFileReference; lastKnownFileType = file.storyboard; name = Base; path = Main.storyboard; sourceTree = "<group>"; };
		C24995C3FF55CC1227835B33 /* libPods-IBLLogerUITests.a */ = {isa = PBXFileReference; explicitFileType = archive.ar; includeInIndex = 0; path = "libPods-IBLLogerUITests.a"; sourceTree = BUILT_PRODUCTS_DIR; };
		FCE652A3D7DF67B68D4C52F0 /* Pods-IBLLoger.debug.xcconfig */ = {isa = PBXFileReference; includeInIndex = 1; lastKnownFileType = text.xcconfig; name = "Pods-IBLLoger.debug.xcconfig"; path = "Pods/Target Support Files/Pods-IBLLoger/Pods-IBLLoger.debug.xcconfig"; sourceTree = "<group>"; };
/* End PBXFileReference section */

/* Begin PBXFrameworksBuildPhase section */
		A43EDC4120BE788800AE40E4 /* Frameworks */ = {
			isa = PBXFrameworksBuildPhase;
			buildActionMask = 2147483647;
			files = (
				6CC1D9AB6271DB1BA60B139B /* libPods-IBLLoger.a in Frameworks */,
			);
			runOnlyForDeploymentPostprocessing = 0;
		};
		A43EDC5720BE788800AE40E4 /* Frameworks */ = {
			isa = PBXFrameworksBuildPhase;
			buildActionMask = 2147483647;
			files = (
				024259E08B0A6F3AA5A1B656 /* libPods-IBLLogerTests.a in Frameworks */,
			);
			runOnlyForDeploymentPostprocessing = 0;
		};
		A43EDC6220BE788800AE40E4 /* Frameworks */ = {
			isa = PBXFrameworksBuildPhase;
			buildActionMask = 2147483647;
			files = (
				F9B332B457834438D7E95C23 /* libPods-IBLLogerUITests.a in Frameworks */,
			);
			runOnlyForDeploymentPostprocessing = 0;
		};
/* End PBXFrameworksBuildPhase section */

/* Begin PBXGroup section */
		446CADF26B267F5DEA2CF3B3 /* Pods */ = {
			isa = PBXGroup;
			children = (
				FCE652A3D7DF67B68D4C52F0 /* Pods-IBLLoger.debug.xcconfig */,
				3D6012B047BE02FCF0516F20 /* Pods-IBLLoger.release.xcconfig */,
				9832381226F56335222E3F4D /* Pods-IBLLogerTests.debug.xcconfig */,
				1CA21F3ADBED549EC108FD40 /* Pods-IBLLogerTests.release.xcconfig */,
				76C17703453805398D6716D8 /* Pods-IBLLogerUITests.debug.xcconfig */,
				7CEC8F8ADFD5B16A046BBA0B /* Pods-IBLLogerUITests.release.xcconfig */,
			);
			name = Pods;
			sourceTree = "<group>";
		};
		A43EDC3B20BE788800AE40E4 = {
			isa = PBXGroup;
			children = (
				A43EDC4620BE788800AE40E4 /* IBLLoger */,
				A43EDC5D20BE788800AE40E4 /* IBLLogerTests */,
				A43EDC6820BE788800AE40E4 /* IBLLogerUITests */,
				A43EDC4520BE788800AE40E4 /* Products */,
				446CADF26B267F5DEA2CF3B3 /* Pods */,
				D4DF07578D3F6FFE65599A18 /* Frameworks */,
			);
			sourceTree = "<group>";
		};
		A43EDC4520BE788800AE40E4 /* Products */ = {
			isa = PBXGroup;
			children = (
				A43EDC4420BE788800AE40E4 /* IBLLoger.app */,
				A43EDC5A20BE788800AE40E4 /* IBLLogerTests.xctest */,
				A43EDC6520BE788800AE40E4 /* IBLLogerUITests.xctest */,
			);
			name = Products;
			sourceTree = "<group>";
		};
		A43EDC4620BE788800AE40E4 /* IBLLoger */ = {
			isa = PBXGroup;
			children = (
				A43EDC9920BEB75A00AE40E4 /* Base.lproj */,
				A43EDC4720BE788800AE40E4 /* AppDelegate.h */,
				A43EDC4820BE788800AE40E4 /* AppDelegate.m */,
				A43EDC4A20BE788800AE40E4 /* ViewController.h */,
				A43EDC4B20BE788800AE40E4 /* ViewController.m */,
				A43EDC8D20BEA5E200AE40E4 /* ModuleButtonItem.h */,
				A43EDC8E20BEA5E200AE40E4 /* ModuleButtonItem.m */,
				A43EDC9320BEAF9E00AE40E4 /* IBLWindow.h */,
				A43EDC9420BEAF9E00AE40E4 /* IBLWindow.m */,
				A43EDC4D20BE788800AE40E4 /* Assets.xcassets */,
				A43EDC5220BE788800AE40E4 /* Info.plist */,
				A43EDC5320BE788800AE40E4 /* main.m */,
				A43EDC5520BE788800AE40E4 /* IBLLoger.entitlements */,
			);
			path = IBLLoger;
			sourceTree = "<group>";
		};
		A43EDC5D20BE788800AE40E4 /* IBLLogerTests */ = {
			isa = PBXGroup;
			children = (
				A43EDC5E20BE788800AE40E4 /* IBLLogerTests.m */,
				A43EDC6020BE788800AE40E4 /* Info.plist */,
			);
			path = IBLLogerTests;
			sourceTree = "<group>";
		};
		A43EDC6820BE788800AE40E4 /* IBLLogerUITests */ = {
			isa = PBXGroup;
			children = (
				A43EDC6920BE788800AE40E4 /* IBLLogerUITests.m */,
				A43EDC6B20BE788800AE40E4 /* Info.plist */,
			);
			path = IBLLogerUITests;
			sourceTree = "<group>";
		};
		A43EDC9920BEB75A00AE40E4 /* Base.lproj */ = {
			isa = PBXGroup;
			children = (
				A43EDC9A20BEB75A00AE40E4 /* Main.storyboard */,
			);
			path = Base.lproj;
			sourceTree = "<group>";
		};
		D4DF07578D3F6FFE65599A18 /* Frameworks */ = {
			isa = PBXGroup;
			children = (
				9A9A648F726CAF2E7B9BF566 /* libPods-IBLLoger.a */,
				7E0245C663C3A50A6FD038E8 /* libPods-IBLLogerTests.a */,
				C24995C3FF55CC1227835B33 /* libPods-IBLLogerUITests.a */,
			);
			name = Frameworks;
			sourceTree = "<group>";
		};
/* End PBXGroup section */

/* Begin PBXNativeTarget section */
		A43EDC4320BE788800AE40E4 /* IBLLoger */ = {
			isa = PBXNativeTarget;
			buildConfigurationList = A43EDC6E20BE788800AE40E4 /* Build configuration list for PBXNativeTarget "IBLLoger" */;
			buildPhases = (
				87067C3A0F55B2D81E2535B9 /* [CP] Check Pods Manifest.lock */,
				A43EDC4020BE788800AE40E4 /* Sources */,
				A43EDC4120BE788800AE40E4 /* Frameworks */,
				A43EDC4220BE788800AE40E4 /* Resources */,
			);
			buildRules = (
			);
			dependencies = (
			);
			name = IBLLoger;
			productName = IBLLoger;
			productReference = A43EDC4420BE788800AE40E4 /* IBLLoger.app */;
			productType = "com.apple.product-type.application";
		};
		A43EDC5920BE788800AE40E4 /* IBLLogerTests */ = {
			isa = PBXNativeTarget;
			buildConfigurationList = A43EDC7120BE788800AE40E4 /* Build configuration list for PBXNativeTarget "IBLLogerTests" */;
			buildPhases = (
				2945F915B2CB0166ECA9AB33 /* [CP] Check Pods Manifest.lock */,
				A43EDC5620BE788800AE40E4 /* Sources */,
				A43EDC5720BE788800AE40E4 /* Frameworks */,
				A43EDC5820BE788800AE40E4 /* Resources */,
			);
			buildRules = (
			);
			dependencies = (
				A43EDC5C20BE788800AE40E4 /* PBXTargetDependency */,
			);
			name = IBLLogerTests;
			productName = IBLLogerTests;
			productReference = A43EDC5A20BE788800AE40E4 /* IBLLogerTests.xctest */;
			productType = "com.apple.product-type.bundle.unit-test";
		};
		A43EDC6420BE788800AE40E4 /* IBLLogerUITests */ = {
			isa = PBXNativeTarget;
			buildConfigurationList = A43EDC7420BE788800AE40E4 /* Build configuration list for PBXNativeTarget "IBLLogerUITests" */;
			buildPhases = (
				9F7E2757007D5E1F5C9EB1A5 /* [CP] Check Pods Manifest.lock */,
				A43EDC6120BE788800AE40E4 /* Sources */,
				A43EDC6220BE788800AE40E4 /* Frameworks */,
				A43EDC6320BE788800AE40E4 /* Resources */,
			);
			buildRules = (
			);
			dependencies = (
				A43EDC6720BE788800AE40E4 /* PBXTargetDependency */,
			);
			name = IBLLogerUITests;
			productName = IBLLogerUITests;
			productReference = A43EDC6520BE788800AE40E4 /* IBLLogerUITests.xctest */;
			productType = "com.apple.product-type.bundle.ui-testing";
		};
/* End PBXNativeTarget section */

/* Begin PBXProject section */
		A43EDC3C20BE788800AE40E4 /* Project object */ = {
			isa = PBXProject;
			attributes = {
				LastUpgradeCheck = 0920;
				ORGANIZATIONNAME = ibellar;
				TargetAttributes = {
					A43EDC4320BE788800AE40E4 = {
						CreatedOnToolsVersion = 9.2;
						ProvisioningStyle = Automatic;
					};
					A43EDC5920BE788800AE40E4 = {
						CreatedOnToolsVersion = 9.2;
						ProvisioningStyle = Automatic;
						TestTargetID = A43EDC4320BE788800AE40E4;
					};
					A43EDC6420BE788800AE40E4 = {
						CreatedOnToolsVersion = 9.2;
						ProvisioningStyle = Automatic;
						TestTargetID = A43EDC4320BE788800AE40E4;
					};
				};
			};
			buildConfigurationList = A43EDC3F20BE788800AE40E4 /* Build configuration list for PBXProject "IBLLoger" */;
			compatibilityVersion = "Xcode 8.0";
			developmentRegion = en;
			hasScannedForEncodings = 0;
			knownRegions = (
				en,
				Base,
			);
			mainGroup = A43EDC3B20BE788800AE40E4;
			productRefGroup = A43EDC4520BE788800AE40E4 /* Products */;
			projectDirPath = "";
			projectRoot = "";
			targets = (
				A43EDC4320BE788800AE40E4 /* IBLLoger */,
				A43EDC5920BE788800AE40E4 /* IBLLogerTests */,
				A43EDC6420BE788800AE40E4 /* IBLLogerUITests */,
			);
		};
/* End PBXProject section */

/* Begin PBXResourcesBuildPhase section */
		A43EDC4220BE788800AE40E4 /* Resources */ = {
			isa = PBXResourcesBuildPhase;
			buildActionMask = 2147483647;
			files = (
				A43EDC4E20BE788800AE40E4 /* Assets.xcassets in Resources */,
				A43EDC9C20BEB75A00AE40E4 /* Main.storyboard in Resources */,
			);
			runOnlyForDeploymentPostprocessing = 0;
		};
		A43EDC5820BE788800AE40E4 /* Resources */ = {
			isa = PBXResourcesBuildPhase;
			buildActionMask = 2147483647;
			files = (
			);
			runOnlyForDeploymentPostprocessing = 0;
		};
		A43EDC6320BE788800AE40E4 /* Resources */ = {
			isa = PBXResourcesBuildPhase;
			buildActionMask = 2147483647;
			files = (
			);
			runOnlyForDeploymentPostprocessing = 0;
		};
/* End PBXResourcesBuildPhase section */

/* Begin PBXShellScriptBuildPhase section */
		2945F915B2CB0166ECA9AB33 /* [CP] Check Pods Manifest.lock */ = {
			isa = PBXShellScriptBuildPhase;
			buildActionMask = 2147483647;
			files = (
			);
			inputPaths = (
				"${PODS_PODFILE_DIR_PATH}/Podfile.lock",
				"${PODS_ROOT}/Manifest.lock",
			);
			name = "[CP] Check Pods Manifest.lock";
			outputPaths = (
				"$(DERIVED_FILE_DIR)/Pods-IBLLogerTests-checkManifestLockResult.txt",
			);
			runOnlyForDeploymentPostprocessing = 0;
			shellPath = /bin/sh;
			shellScript = "diff \"${PODS_PODFILE_DIR_PATH}/Podfile.lock\" \"${PODS_ROOT}/Manifest.lock\" > /dev/null\nif [ $? != 0 ] ; then\n    # print error to STDERR\n    echo \"error: The sandbox is not in sync with the Podfile.lock. Run 'pod install' or update your CocoaPods installation.\" >&2\n    exit 1\nfi\n# This output is used by Xcode 'outputs' to avoid re-running this script phase.\necho \"SUCCESS\" > \"${SCRIPT_OUTPUT_FILE_0}\"\n";
			showEnvVarsInLog = 0;
		};
		87067C3A0F55B2D81E2535B9 /* [CP] Check Pods Manifest.lock */ = {
			isa = PBXShellScriptBuildPhase;
			buildActionMask = 2147483647;
			files = (
			);
			inputPaths = (
				"${PODS_PODFILE_DIR_PATH}/Podfile.lock",
				"${PODS_ROOT}/Manifest.lock",
			);
			name = "[CP] Check Pods Manifest.lock";
			outputPaths = (
				"$(DERIVED_FILE_DIR)/Pods-IBLLoger-checkManifestLockResult.txt",
			);
			runOnlyForDeploymentPostprocessing = 0;
			shellPath = /bin/sh;
			shellScript = "diff \"${PODS_PODFILE_DIR_PATH}/Podfile.lock\" \"${PODS_ROOT}/Manifest.lock\" > /dev/null\nif [ $? != 0 ] ; then\n    # print error to STDERR\n    echo \"error: The sandbox is not in sync with the Podfile.lock. Run 'pod install' or update your CocoaPods installation.\" >&2\n    exit 1\nfi\n# This output is used by Xcode 'outputs' to avoid re-running this script phase.\necho \"SUCCESS\" > \"${SCRIPT_OUTPUT_FILE_0}\"\n";
			showEnvVarsInLog = 0;
		};
		9F7E2757007D5E1F5C9EB1A5 /* [CP] Check Pods Manifest.lock */ = {
			isa = PBXShellScriptBuildPhase;
			buildActionMask = 2147483647;
			files = (
			);
			inputPaths = (
				"${PODS_PODFILE_DIR_PATH}/Podfile.lock",
				"${PODS_ROOT}/Manifest.lock",
			);
			name = "[CP] Check Pods Manifest.lock";
			outputPaths = (
				"$(DERIVED_FILE_DIR)/Pods-IBLLogerUITests-checkManifestLockResult.txt",
			);
			runOnlyForDeploymentPostprocessing = 0;
			shellPath = /bin/sh;
			shellScript = "diff \"${PODS_PODFILE_DIR_PATH}/Podfile.lock\" \"${PODS_ROOT}/Manifest.lock\" > /dev/null\nif [ $? != 0 ] ; then\n    # print error to STDERR\n    echo \"error: The sandbox is not in sync with the Podfile.lock. Run 'pod install' or update your CocoaPods installation.\" >&2\n    exit 1\nfi\n# This output is used by Xcode 'outputs' to avoid re-running this script phase.\necho \"SUCCESS\" > \"${SCRIPT_OUTPUT_FILE_0}\"\n";
			showEnvVarsInLog = 0;
		};
/* End PBXShellScriptBuildPhase section */

/* Begin PBXSourcesBuildPhase section */
		A43EDC4020BE788800AE40E4 /* Sources */ = {
			isa = PBXSourcesBuildPhase;
			buildActionMask = 2147483647;
			files = (
				A43EDC8F20BEA5E200AE40E4 /* ModuleButtonItem.m in Sources */,
				A43EDC9520BEAF9E00AE40E4 /* IBLWindow.m in Sources */,
				A43EDC4C20BE788800AE40E4 /* ViewController.m in Sources */,
				A43EDC5420BE788800AE40E4 /* main.m in Sources */,
				A43EDC4920BE788800AE40E4 /* AppDelegate.m in Sources */,
			);
			runOnlyForDeploymentPostprocessing = 0;
		};
		A43EDC5620BE788800AE40E4 /* Sources */ = {
			isa = PBXSourcesBuildPhase;
			buildActionMask = 2147483647;
			files = (
				A43EDC5F20BE788800AE40E4 /* IBLLogerTests.m in Sources */,
			);
			runOnlyForDeploymentPostprocessing = 0;
		};
		A43EDC6120BE788800AE40E4 /* Sources */ = {
			isa = PBXSourcesBuildPhase;
			buildActionMask = 2147483647;
			files = (
				A43EDC6A20BE788800AE40E4 /* IBLLogerUITests.m in Sources */,
			);
			runOnlyForDeploymentPostprocessing = 0;
		};
/* End PBXSourcesBuildPhase section */

/* Begin PBXTargetDependency section */
		A43EDC5C20BE788800AE40E4 /* PBXTargetDependency */ = {
			isa = PBXTargetDependency;
			target = A43EDC4320BE788800AE40E4 /* IBLLoger */;
			targetProxy = A43EDC5B20BE788800AE40E4 /* PBXContainerItemProxy */;
		};
		A43EDC6720BE788800AE40E4 /* PBXTargetDependency */ = {
			isa = PBXTargetDependency;
			target = A43EDC4320BE788800AE40E4 /* IBLLoger */;
			targetProxy = A43EDC6620BE788800AE40E4 /* PBXContainerItemProxy */;
		};
/* End PBXTargetDependency section */

/* Begin PBXVariantGroup section */
		A43EDC9A20BEB75A00AE40E4 /* Main.storyboard */ = {
			isa = PBXVariantGroup;
			children = (
				A43EDC9B20BEB75A00AE40E4 /* Base */,
			);
			name = Main.storyboard;
			sourceTree = "<group>";
		};
/* End PBXVariantGroup section */

/* Begin XCBuildConfiguration section */
		A43EDC6C20BE788800AE40E4 /* Debug */ = {
			isa = XCBuildConfiguration;
			buildSettings = {
				ALWAYS_SEARCH_USER_PATHS = NO;
				CLANG_ANALYZER_NONNULL = YES;
				CLANG_ANALYZER_NUMBER_OBJECT_CONVERSION = YES_AGGRESSIVE;
				CLANG_CXX_LANGUAGE_STANDARD = "gnu++14";
				CLANG_CXX_LIBRARY = "libc++";
				CLANG_ENABLE_MODULES = YES;
				CLANG_ENABLE_OBJC_ARC = YES;
				CLANG_WARN_BLOCK_CAPTURE_AUTORELEASING = YES;
				CLANG_WARN_BOOL_CONVERSION = YES;
				CLANG_WARN_COMMA = YES;
				CLANG_WARN_CONSTANT_CONVERSION = YES;
				CLANG_WARN_DIRECT_OBJC_ISA_USAGE = YES_ERROR;
				CLANG_WARN_DOCUMENTATION_COMMENTS = YES;
				CLANG_WARN_EMPTY_BODY = YES;
				CLANG_WARN_ENUM_CONVERSION = YES;
				CLANG_WARN_INFINITE_RECURSION = YES;
				CLANG_WARN_INT_CONVERSION = YES;
				CLANG_WARN_NON_LITERAL_NULL_CONVERSION = YES;
				CLANG_WARN_OBJC_LITERAL_CONVERSION = YES;
				CLANG_WARN_OBJC_ROOT_CLASS = YES_ERROR;
				CLANG_WARN_RANGE_LOOP_ANALYSIS = YES;
				CLANG_WARN_STRICT_PROTOTYPES = YES;
				CLANG_WARN_SUSPICIOUS_MOVE = YES;
				CLANG_WARN_UNGUARDED_AVAILABILITY = YES_AGGRESSIVE;
				CLANG_WARN_UNREACHABLE_CODE = YES;
				CLANG_WARN__DUPLICATE_METHOD_MATCH = YES;
				CODE_SIGN_IDENTITY = "Mac Developer";
				COPY_PHASE_STRIP = NO;
				DEBUG_INFORMATION_FORMAT = dwarf;
				ENABLE_STRICT_OBJC_MSGSEND = YES;
				ENABLE_TESTABILITY = YES;
				GCC_C_LANGUAGE_STANDARD = gnu11;
				GCC_DYNAMIC_NO_PIC = NO;
				GCC_NO_COMMON_BLOCKS = YES;
				GCC_OPTIMIZATION_LEVEL = 0;
				GCC_PREPROCESSOR_DEFINITIONS = (
					"DEBUG=1",
					"$(inherited)",
				);
				GCC_WARN_64_TO_32_BIT_CONVERSION = YES;
				GCC_WARN_ABOUT_RETURN_TYPE = YES_ERROR;
				GCC_WARN_UNDECLARED_SELECTOR = YES;
				GCC_WARN_UNINITIALIZED_AUTOS = YES_AGGRESSIVE;
				GCC_WARN_UNUSED_FUNCTION = YES;
				GCC_WARN_UNUSED_VARIABLE = YES;
				MACOSX_DEPLOYMENT_TARGET = 10.12;
				MTL_ENABLE_DEBUG_INFO = YES;
				ONLY_ACTIVE_ARCH = YES;
				SDKROOT = macosx;
			};
			name = Debug;
		};
		A43EDC6D20BE788800AE40E4 /* Release */ = {
			isa = XCBuildConfiguration;
			buildSettings = {
				ALWAYS_SEARCH_USER_PATHS = NO;
				CLANG_ANALYZER_NONNULL = YES;
				CLANG_ANALYZER_NUMBER_OBJECT_CONVERSION = YES_AGGRESSIVE;
				CLANG_CXX_LANGUAGE_STANDARD = "gnu++14";
				CLANG_CXX_LIBRARY = "libc++";
				CLANG_ENABLE_MODULES = YES;
				CLANG_ENABLE_OBJC_ARC = YES;
				CLANG_WARN_BLOCK_CAPTURE_AUTORELEASING = YES;
				CLANG_WARN_BOOL_CONVERSION = YES;
				CLANG_WARN_COMMA = YES;
				CLANG_WARN_CONSTANT_CONVERSION = YES;
				CLANG_WARN_DIRECT_OBJC_ISA_USAGE = YES_ERROR;
				CLANG_WARN_DOCUMENTATION_COMMENTS = YES;
				CLANG_WARN_EMPTY_BODY = YES;
				CLANG_WARN_ENUM_CONVERSION = YES;
				CLANG_WARN_INFINITE_RECURSION = YES;
				CLANG_WARN_INT_CONVERSION = YES;
				CLANG_WARN_NON_LITERAL_NULL_CONVERSION = YES;
				CLANG_WARN_OBJC_LITERAL_CONVERSION = YES;
				CLANG_WARN_OBJC_ROOT_CLASS = YES_ERROR;
				CLANG_WARN_RANGE_LOOP_ANALYSIS = YES;
				CLANG_WARN_STRICT_PROTOTYPES = YES;
				CLANG_WARN_SUSPICIOUS_MOVE = YES;
				CLANG_WARN_UNGUARDED_AVAILABILITY = YES_AGGRESSIVE;
				CLANG_WARN_UNREACHABLE_CODE = YES;
				CLANG_WARN__DUPLICATE_METHOD_MATCH = YES;
				CODE_SIGN_IDENTITY = "Mac Developer";
				COPY_PHASE_STRIP = NO;
				DEBUG_INFORMATION_FORMAT = "dwarf-with-dsym";
				ENABLE_NS_ASSERTIONS = NO;
				ENABLE_STRICT_OBJC_MSGSEND = YES;
				GCC_C_LANGUAGE_STANDARD = gnu11;
				GCC_NO_COMMON_BLOCKS = YES;
				GCC_WARN_64_TO_32_BIT_CONVERSION = YES;
				GCC_WARN_ABOUT_RETURN_TYPE = YES_ERROR;
				GCC_WARN_UNDECLARED_SELECTOR = YES;
				GCC_WARN_UNINITIALIZED_AUTOS = YES_AGGRESSIVE;
				GCC_WARN_UNUSED_FUNCTION = YES;
				GCC_WARN_UNUSED_VARIABLE = YES;
				MACOSX_DEPLOYMENT_TARGET = 10.12;
				MTL_ENABLE_DEBUG_INFO = NO;
				SDKROOT = macosx;
			};
			name = Release;
		};
		A43EDC6F20BE788800AE40E4 /* Debug */ = {
			isa = XCBuildConfiguration;
			baseConfigurationReference = FCE652A3D7DF67B68D4C52F0 /* Pods-IBLLoger.debug.xcconfig */;
			buildSettings = {
				ASSETCATALOG_COMPILER_APPICON_NAME = AppIcon;
				CODE_SIGN_ENTITLEMENTS = IBLLoger/IBLLoger.entitlements;
				CODE_SIGN_STYLE = Automatic;
				COMBINE_HIDPI_IMAGES = YES;
				DEVELOPMENT_TEAM = MHZFCBBQ75;
				INFOPLIST_FILE = IBLLoger/Info.plist;
				LD_RUNPATH_SEARCH_PATHS = "$(inherited) @executable_path/../Frameworks";
				PRODUCT_BUNDLE_IDENTIFIER = com.ibellar.IBLLoger;
				PRODUCT_NAME = "$(TARGET_NAME)";
			};
			name = Debug;
		};
		A43EDC7020BE788800AE40E4 /* Release */ = {
			isa = XCBuildConfiguration;
			baseConfigurationReference = 3D6012B047BE02FCF0516F20 /* Pods-IBLLoger.release.xcconfig */;
			buildSettings = {
				ASSETCATALOG_COMPILER_APPICON_NAME = AppIcon;
				CODE_SIGN_ENTITLEMENTS = IBLLoger/IBLLoger.entitlements;
				CODE_SIGN_STYLE = Automatic;
				COMBINE_HIDPI_IMAGES = YES;
				DEVELOPMENT_TEAM = MHZFCBBQ75;
				INFOPLIST_FILE = IBLLoger/Info.plist;
				LD_RUNPATH_SEARCH_PATHS = "$(inherited) @executable_path/../Frameworks";
				PRODUCT_BUNDLE_IDENTIFIER = com.ibellar.IBLLoger;
				PRODUCT_NAME = "$(TARGET_NAME)";
			};
			name = Release;
		};
		A43EDC7220BE788800AE40E4 /* Debug */ = {
			isa = XCBuildConfiguration;
			baseConfigurationReference = 9832381226F56335222E3F4D /* Pods-IBLLogerTests.debug.xcconfig */;
			buildSettings = {
				BUNDLE_LOADER = "$(TEST_HOST)";
				CODE_SIGN_STYLE = Automatic;
				COMBINE_HIDPI_IMAGES = YES;
				DEVELOPMENT_TEAM = MHZFCBBQ75;
				INFOPLIST_FILE = IBLLogerTests/Info.plist;
				LD_RUNPATH_SEARCH_PATHS = "$(inherited) @executable_path/../Frameworks @loader_path/../Frameworks";
				PRODUCT_BUNDLE_IDENTIFIER = com.ibellar.IBLLogerTests;
				PRODUCT_NAME = "$(TARGET_NAME)";
				TEST_HOST = "$(BUILT_PRODUCTS_DIR)/IBLLoger.app/Contents/MacOS/IBLLoger";
			};
			name = Debug;
		};
		A43EDC7320BE788800AE40E4 /* Release */ = {
			isa = XCBuildConfiguration;
			baseConfigurationReference = 1CA21F3ADBED549EC108FD40 /* Pods-IBLLogerTests.release.xcconfig */;
			buildSettings = {
				BUNDLE_LOADER = "$(TEST_HOST)";
				CODE_SIGN_STYLE = Automatic;
				COMBINE_HIDPI_IMAGES = YES;
				DEVELOPMENT_TEAM = MHZFCBBQ75;
				INFOPLIST_FILE = IBLLogerTests/Info.plist;
				LD_RUNPATH_SEARCH_PATHS = "$(inherited) @executable_path/../Frameworks @loader_path/../Frameworks";
				PRODUCT_BUNDLE_IDENTIFIER = com.ibellar.IBLLogerTests;
				PRODUCT_NAME = "$(TARGET_NAME)";
				TEST_HOST = "$(BUILT_PRODUCTS_DIR)/IBLLoger.app/Contents/MacOS/IBLLoger";
			};
			name = Release;
		};
		A43EDC7520BE788800AE40E4 /* Debug */ = {
			isa = XCBuildConfiguration;
			baseConfigurationReference = 76C17703453805398D6716D8 /* Pods-IBLLogerUITests.debug.xcconfig */;
			buildSettings = {
				CODE_SIGN_STYLE = Automatic;
				COMBINE_HIDPI_IMAGES = YES;
				DEVELOPMENT_TEAM = MHZFCBBQ75;
				INFOPLIST_FILE = IBLLogerUITests/Info.plist;
				LD_RUNPATH_SEARCH_PATHS = "$(inherited) @executable_path/../Frameworks @loader_path/../Frameworks";
				PRODUCT_BUNDLE_IDENTIFIER = com.ibellar.IBLLogerUITests;
				PRODUCT_NAME = "$(TARGET_NAME)";
				TEST_TARGET_NAME = IBLLoger;
			};
			name = Debug;
		};
		A43EDC7620BE788800AE40E4 /* Release */ = {
			isa = XCBuildConfiguration;
			baseConfigurationReference = 7CEC8F8ADFD5B16A046BBA0B /* Pods-IBLLogerUITests.release.xcconfig */;
			buildSettings = {
				CODE_SIGN_STYLE = Automatic;
				COMBINE_HIDPI_IMAGES = YES;
				DEVELOPMENT_TEAM = MHZFCBBQ75;
				INFOPLIST_FILE = IBLLogerUITests/Info.plist;
				LD_RUNPATH_SEARCH_PATHS = "$(inherited) @executable_path/../Frameworks @loader_path/../Frameworks";
				PRODUCT_BUNDLE_IDENTIFIER = com.ibellar.IBLLogerUITests;
				PRODUCT_NAME = "$(TARGET_NAME)";
				TEST_TARGET_NAME = IBLLoger;
			};
			name = Release;
		};
/* End XCBuildConfiguration section */

/* Begin XCConfigurationList section */
		A43EDC3F20BE788800AE40E4 /* Build configuration list for PBXProject "IBLLoger" */ = {
			isa = XCConfigurationList;
			buildConfigurations = (
				A43EDC6C20BE788800AE40E4 /* Debug */,
				A43EDC6D20BE788800AE40E4 /* Release */,
			);
			defaultConfigurationIsVisible = 0;
			defaultConfigurationName = Release;
		};
		A43EDC6E20BE788800AE40E4 /* Build configuration list for PBXNativeTarget "IBLLoger" */ = {
			isa = XCConfigurationList;
			buildConfigurations = (
				A43EDC6F20BE788800AE40E4 /* Debug */,
				A43EDC7020BE788800AE40E4 /* Release */,
			);
			defaultConfigurationIsVisible = 0;
			defaultConfigurationName = Release;
		};
		A43EDC7120BE788800AE40E4 /* Build configuration list for PBXNativeTarget "IBLLogerTests" */ = {
			isa = XCConfigurationList;
			buildConfigurations = (
				A43EDC7220BE788800AE40E4 /* Debug */,
				A43EDC7320BE788800AE40E4 /* Release */,
			);
			defaultConfigurationIsVisible = 0;
			defaultConfigurationName = Release;
		};
		A43EDC7420BE788800AE40E4 /* Build configuration list for PBXNativeTarget "IBLLogerUITests" */ = {
			isa = XCConfigurationList;
			buildConfigurations = (
				A43EDC7520BE788800AE40E4 /* Debug */,
				A43EDC7620BE788800AE40E4 /* Release */,
			);
			defaultConfigurationIsVisible = 0;
			defaultConfigurationName = Release;
		};
/* End XCConfigurationList section */
	};
	rootObject = A43EDC3C20BE788800AE40E4 /* Project object */;
}
